
Microsoft Visual Studio Solution File, Format Version 12.00
# Visual Studio Version 17
VisualStudioVersion = 17.4.33213.308
MinimumVisualStudioVersion = 10.0.40219.1
Project("{FAE04EC0-301F-11D3-BF4B-00C04F79EFBC}") = "Teste 1", "Teste 1\Teste 1.csproj", "{43F5EBA3-F77A-470C-BFF0-F2A996374270}"
EndProject
Global
	GlobalSection(SolutionConfigurationPlatforms) = preSolution
		Debug|Any CPU = Debug|Any CPU
		Release|Any CPU = Release|Any CPU
	EndGlobalSection
	GlobalSection(ProjectConfigurationPlatforms) = postSolution
		{43F5EBA3-F77A-470C-BFF0-F2A996374270}.Debug|Any CPU.ActiveCfg = Debug|Any CPU
		{43F5EBA3-F77A-470C-BFF0-F2A996374270}.Debug|Any CPU.Build.0 = Debug|Any CPU
		{43F5EBA3-F77A-470C-BFF0-F2A996374270}.Release|Any CPU.ActiveCfg = Release|Any CPU
		{43F5EBA3-F77A-470C-BFF0-F2A996374270}.Release|Any CPU.Build.0 = Release|Any CPU
	EndGlobalSection
	GlobalSection(SolutionProperties) = preSolution
		HideSolutionNode = FALSE
	EndGlobalSection
	GlobalSection(ExtensibilityGlobals) = postSolution
		SolutionGuid = {7DF4A141-DA2A-4103-B651-14CD3179253F}
	EndGlobalSection
EndGlobal
