
Microsoft Visual Studio Solution File, Format Version 12.00
# Visual Studio Version 17
VisualStudioVersion = 17.4.33213.308
MinimumVisualStudioVersion = 10.0.40219.1
Project("{FAE04EC0-301F-11D3-BF4B-00C04F79EFBC}") = "Teste2", "FormsIntro\Teste2.csproj", "{385A35D5-890C-4FD1-AA45-094CD0ADD44E}"
EndProject
Global
	GlobalSection(SolutionConfigurationPlatforms) = preSolution
		Debug|Any CPU = Debug|Any CPU
		Release|Any CPU = Release|Any CPU
	EndGlobalSection
	GlobalSection(ProjectConfigurationPlatforms) = postSolution
		{385A35D5-890C-4FD1-AA45-094CD0ADD44E}.Debug|Any CPU.ActiveCfg = Debug|Any CPU
		{385A35D5-890C-4FD1-AA45-094CD0ADD44E}.Debug|Any CPU.Build.0 = Debug|Any CPU
		{385A35D5-890C-4FD1-AA45-094CD0ADD44E}.Release|Any CPU.ActiveCfg = Release|Any CPU
		{385A35D5-890C-4FD1-AA45-094CD0ADD44E}.Release|Any CPU.Build.0 = Release|Any CPU
	EndGlobalSection
	GlobalSection(SolutionProperties) = preSolution
		HideSolutionNode = FALSE
	EndGlobalSection
	GlobalSection(ExtensibilityGlobals) = postSolution
		SolutionGuid = {D3B061C7-4806-4C45-8A5E-C1BB1E1FBC64}
	EndGlobalSection
EndGlobal
